{
  "name": "test",
  "version": "1.0.0",
  "lockfileVersion": 1,
  "requires": true,
  "dependencies": {
    "zax-date": {
      "version": "1.1.10",
      "resolved": "https://registry.npmjs.org/zax-date/-/zax-date-1.1.10.tgz",
      "integrity": "sha512-Je4K5WOf9a0D3aScNFjXDUl3pTXTCBC6zlEjtbE8WZbE9bHA3t29tt+OLBOLX4p6lPB4stjChV1viIff8fcf8g=="
    }
  }
}
