{
  "name": "test",
  "version": "1.0.0",
  "lockfileVersion": 1,
  "requires": true,
  "dependencies": {
    "zax-date": {
      "version": "1.1.18",
      "resolved": "https://registry.npmjs.org/zax-date/-/zax-date-1.1.18.tgz",
      "integrity": "sha512-1pw84XqlrKID4Umq7i7ROGyZ7FbdnMuj/LqxWGX2ok2VN2k9K7F+V5g4fg5fUXaBWAWxF5jtwj2yuEtAquHmGg=="
    }
  }
}
