{
  "name": "test",
  "version": "1.0.0",
  "lockfileVersion": 1,
  "requires": true,
  "dependencies": {
    "zax-date": {
      "version": "1.1.17",
      "resolved": "https://registry.npmjs.org/zax-date/-/zax-date-1.1.17.tgz",
      "integrity": "sha512-/HLw178BxH+QMqAWGF/FNjBLuQ29wifPmvUjKVRkHcap3EXfPXwDcp/fa52PFJHWKtaUGzAMmBNKTFM2TNglEQ=="
    }
  }
}
